
Microsoft Visual Studio Solution File, Format Version 12.00
# Visual Studio Version 16
VisualStudioVersion = 16.0.29920.165
MinimumVisualStudioVersion = 10.0.40219.1
Project("{FAE04EC0-301F-11D3-BF4B-00C04F79EFBC}") = "01. Password Reset", "01. Password Reset\01. Password Reset.csproj", "{18AECFAF-F8BB-4CEB-B956-BBBC85C7CB7D}"
EndProject
Project("{FAE04EC0-301F-11D3-BF4B-00C04F79EFBC}") = "02. Fancy Barcodes", "02. Fancy Barcodes\02. Fancy Barcodes.csproj", "{31F1D98F-74C6-40B0-893A-1AD018963A9C}"
EndProject
Project("{FAE04EC0-301F-11D3-BF4B-00C04F79EFBC}") = "03. Heroes of Code and Logic VII", "03. Heroes of Code and Logic VII\03. Heroes of Code and Logic VII.csproj", "{0BFE6B7D-516C-490F-AF7E-D0037A28DE0B}"
EndProject
Global
	GlobalSection(SolutionConfigurationPlatforms) = preSolution
		Debug|Any CPU = Debug|Any CPU
		Release|Any CPU = Release|Any CPU
	EndGlobalSection
	GlobalSection(ProjectConfigurationPlatforms) = postSolution
		{18AECFAF-F8BB-4CEB-B956-BBBC85C7CB7D}.Debug|Any CPU.ActiveCfg = Debug|Any CPU
		{18AECFAF-F8BB-4CEB-B956-BBBC85C7CB7D}.Debug|Any CPU.Build.0 = Debug|Any CPU
		{18AECFAF-F8BB-4CEB-B956-BBBC85C7CB7D}.Release|Any CPU.ActiveCfg = Release|Any CPU
		{18AECFAF-F8BB-4CEB-B956-BBBC85C7CB7D}.Release|Any CPU.Build.0 = Release|Any CPU
		{31F1D98F-74C6-40B0-893A-1AD018963A9C}.Debug|Any CPU.ActiveCfg = Debug|Any CPU
		{31F1D98F-74C6-40B0-893A-1AD018963A9C}.Debug|Any CPU.Build.0 = Debug|Any CPU
		{31F1D98F-74C6-40B0-893A-1AD018963A9C}.Release|Any CPU.ActiveCfg = Release|Any CPU
		{31F1D98F-74C6-40B0-893A-1AD018963A9C}.Release|Any CPU.Build.0 = Release|Any CPU
		{0BFE6B7D-516C-490F-AF7E-D0037A28DE0B}.Debug|Any CPU.ActiveCfg = Debug|Any CPU
		{0BFE6B7D-516C-490F-AF7E-D0037A28DE0B}.Debug|Any CPU.Build.0 = Debug|Any CPU
		{0BFE6B7D-516C-490F-AF7E-D0037A28DE0B}.Release|Any CPU.ActiveCfg = Release|Any CPU
		{0BFE6B7D-516C-490F-AF7E-D0037A28DE0B}.Release|Any CPU.Build.0 = Release|Any CPU
	EndGlobalSection
	GlobalSection(SolutionProperties) = preSolution
		HideSolutionNode = FALSE
	EndGlobalSection
	GlobalSection(ExtensibilityGlobals) = postSolution
		SolutionGuid = {93F8FD23-BD64-4D9C-885E-5C80415D3207}
	EndGlobalSection
EndGlobal
